
Microsoft Visual Studio Solution File, Format Version 12.00
# Visual Studio Version 16
VisualStudioVersion = 16.0.31112.23
MinimumVisualStudioVersion = 10.0.40219.1
Project("{FAE04EC0-301F-11D3-BF4B-00C04F79EFBC}") = "ConsoleApp1", "ConsoleApp1\ConsoleApp1.csproj", "{FB7FAE8A-02A7-425D-98A5-83703EC34CE8}"
EndProject
Project("{FAE04EC0-301F-11D3-BF4B-00C04F79EFBC}") = "WpfApp1", "WpfApp1\WpfApp1.csproj", "{74EF7C52-94CE-42A0-A7B7-3F88BA5AC120}"
EndProject
Global
	GlobalSection(SolutionConfigurationPlatforms) = preSolution
		Debug|Any CPU = Debug|Any CPU
		Release|Any CPU = Release|Any CPU
	EndGlobalSection
	GlobalSection(ProjectConfigurationPlatforms) = postSolution
		{FB7FAE8A-02A7-425D-98A5-83703EC34CE8}.Debug|Any CPU.ActiveCfg = Debug|Any CPU
		{FB7FAE8A-02A7-425D-98A5-83703EC34CE8}.Debug|Any CPU.Build.0 = Debug|Any CPU
		{FB7FAE8A-02A7-425D-98A5-83703EC34CE8}.Release|Any CPU.ActiveCfg = Release|Any CPU
		{FB7FAE8A-02A7-425D-98A5-83703EC34CE8}.Release|Any CPU.Build.0 = Release|Any CPU
		{74EF7C52-94CE-42A0-A7B7-3F88BA5AC120}.Debug|Any CPU.ActiveCfg = Debug|Any CPU
		{74EF7C52-94CE-42A0-A7B7-3F88BA5AC120}.Debug|Any CPU.Build.0 = Debug|Any CPU
		{74EF7C52-94CE-42A0-A7B7-3F88BA5AC120}.Release|Any CPU.ActiveCfg = Release|Any CPU
		{74EF7C52-94CE-42A0-A7B7-3F88BA5AC120}.Release|Any CPU.Build.0 = Release|Any CPU
	EndGlobalSection
	GlobalSection(SolutionProperties) = preSolution
		HideSolutionNode = FALSE
	EndGlobalSection
	GlobalSection(ExtensibilityGlobals) = postSolution
		SolutionGuid = {CE91434C-214E-4475-9141-6A77884C3521}
	EndGlobalSection
EndGlobal
