
Microsoft Visual Studio Solution File, Format Version 12.00
# Visual Studio Version 17
VisualStudioVersion = 17.1.32319.34
MinimumVisualStudioVersion = 10.0.40219.1
Project("{FAE04EC0-301F-11D3-BF4B-00C04F79EFBC}") = "HTTP_lab8", "HTTP_lab8\HTTP_lab8.csproj", "{C478F6A5-5AFF-4D16-A0E7-2F642E7B9933}"
EndProject
Global
	GlobalSection(SolutionConfigurationPlatforms) = preSolution
		Debug|Any CPU = Debug|Any CPU
		Release|Any CPU = Release|Any CPU
	EndGlobalSection
	GlobalSection(ProjectConfigurationPlatforms) = postSolution
		{C478F6A5-5AFF-4D16-A0E7-2F642E7B9933}.Debug|Any CPU.ActiveCfg = Debug|Any CPU
		{C478F6A5-5AFF-4D16-A0E7-2F642E7B9933}.Debug|Any CPU.Build.0 = Debug|Any CPU
		{C478F6A5-5AFF-4D16-A0E7-2F642E7B9933}.Release|Any CPU.ActiveCfg = Release|Any CPU
		{C478F6A5-5AFF-4D16-A0E7-2F642E7B9933}.Release|Any CPU.Build.0 = Release|Any CPU
	EndGlobalSection
	GlobalSection(SolutionProperties) = preSolution
		HideSolutionNode = FALSE
	EndGlobalSection
	GlobalSection(ExtensibilityGlobals) = postSolution
		SolutionGuid = {19F0A75E-27FB-4545-B931-1016B33E2D69}
	EndGlobalSection
EndGlobal
